lockfileVersion: '9.0'

settings:
  autoInstallPeers: true
  excludeLinksFromLockfile: false

importers:

  .: {}

  apps/api:
    dependencies:
      '@helixa/multipass-sdk':
        specifier: workspace:*
        version: link:../../packages/sdk

  packages/sdk:
    dependencies:
      '@helixa/multipass-types':
        specifier: workspace:*
        version: link:../types

  packages/types: {}
